<?xml version="1.0" encoding="utf-8"?>
<Project ToolsVersion="4.0" xmlns="http://schemas.microsoft.com/developer/msbuild/2003">
  <ItemGroup>
    <Filter Include="소스 파일">
      <UniqueIdentifier>{4FC737F1-C7A5-4376-A066-2A32D752A2FF}</UniqueIdentifier>
      <Extensions>cpp;c;cc;cxx;def;odl;idl;hpj;bat;asm;asmx</Extensions>
    </Filter>
    <Filter Include="헤더 파일">
      <UniqueIdentifier>{93995380-89BD-4b04-88EB-625FBE52EBFB}</UniqueIdentifier>
      <Extensions>h;hh;hpp;hxx;hm;inl;inc;ipp;xsd</Extensions>
    </Filter>
    <Filter Include="리소스 파일">
      <UniqueIdentifier>{67DA6AB6-F800-4c08-8B7A-83BB121AAD01}</UniqueIdentifier>
      <Extensions>rc;ico;cur;bmp;dlg;rc2;rct;bin;rgs;gif;jpg;jpeg;jpe;resx;tiff;tif;png;wav;mfcribbon-ms</Extensions>
    </Filter>
    <Filter Include="Core">
      <UniqueIdentifier>{ae6321bf-1f49-4aab-8d95-26a5c823b974}</UniqueIdentifier>
    </Filter>
    <Filter Include="Core\Timer">
      <UniqueIdentifier>{8dce125f-f6ff-4105-8340-756a2847d1ec}</UniqueIdentifier>
    </Filter>
    <Filter Include="Scene">
      <UniqueIdentifier>{d7b058fe-1307-4323-9bc9-12011fd65854}</UniqueIdentifier>
    </Filter>
    <Filter Include="Scene\Layer">
      <UniqueIdentifier>{956d7d58-fab2-47fc-81af-48d89fda164b}</UniqueIdentifier>
    </Filter>
    <Filter Include="Object">
      <UniqueIdentifier>{255efb21-16ca-41ce-9cb0-6ac0a4b085f9}</UniqueIdentifier>
    </Filter>
    <Filter Include="Object\MoveObj">
      <UniqueIdentifier>{c0a94c48-27af-4e82-9cb8-22050d5078c9}</UniqueIdentifier>
    </Filter>
    <Filter Include="Object\StaticObj">
      <UniqueIdentifier>{0a144639-1542-418b-b870-ba81bcdc1c2d}</UniqueIdentifier>
    </Filter>
    <Filter Include="Object\MoveObj\Player">
      <UniqueIdentifier>{ac76d702-ded7-4aeb-ac65-94de35f47d0e}</UniqueIdentifier>
    </Filter>
    <Filter Include="Object\MoveObj\Monster">
      <UniqueIdentifier>{0cc36d73-f012-4735-b86f-75df2d4ee7e4}</UniqueIdentifier>
    </Filter>
    <Filter Include="Object\MoveObj\Bullet">
      <UniqueIdentifier>{b2387f4f-fe62-4700-a373-cefe1a595509}</UniqueIdentifier>
    </Filter>
    <Filter Include="Core\Path">
      <UniqueIdentifier>{a8aed28c-73fd-4fe2-8206-a4d5542b8812}</UniqueIdentifier>
    </Filter>
    <Filter Include="Resources">
      <UniqueIdentifier>{671ab9e3-04a9-4c30-bc28-8476ac75edf7}</UniqueIdentifier>
    </Filter>
    <Filter Include="Object\StaticObj\Stage">
      <UniqueIdentifier>{d09aa473-4308-4f9d-92b6-10df81f67a25}</UniqueIdentifier>
    </Filter>
    <Filter Include="Core\Camera">
      <UniqueIdentifier>{8b580e20-71c1-44c9-aae8-8386ef5767cc}</UniqueIdentifier>
    </Filter>
    <Filter Include="Core\Input">
      <UniqueIdentifier>{a496c604-5628-4ae0-976d-d8169f88ba82}</UniqueIdentifier>
    </Filter>
    <Filter Include="Core\Collider">
      <UniqueIdentifier>{ed50d6b0-177c-4620-8357-2681f54a45b5}</UniqueIdentifier>
    </Filter>
    <Filter Include="Core\Math">
      <UniqueIdentifier>{5e0ca831-615d-4609-b345-0b330a636cb6}</UniqueIdentifier>
    </Filter>
    <Filter Include="Core\Animation">
      <UniqueIdentifier>{71a00b1d-b5ca-4b53-90ad-49663196f2ab}</UniqueIdentifier>
    </Filter>
  </ItemGroup>
  <ItemGroup>
    <ClCompile Include="main.cpp">
      <Filter>소스 파일</Filter>
    </ClCompile>
    <ClCompile Include="Core\Timer.cpp">
      <Filter>Core\Timer</Filter>
    </ClCompile>
    <ClCompile Include="Scene\Scene.cpp">
      <Filter>Scene</Filter>
    </ClCompile>
    <ClCompile Include="Core.cpp">
      <Filter>Core</Filter>
    </ClCompile>
    <ClCompile Include="Scene\Scenemanager.cpp">
      <Filter>Scene</Filter>
    </ClCompile>
    <ClCompile Include="Scene\InGameScene.cpp">
      <Filter>Scene</Filter>
    </ClCompile>
    <ClCompile Include="Scene\Layer.cpp">
      <Filter>Scene\Layer</Filter>
    </ClCompile>
    <ClCompile Include="Object\Obj.cpp">
      <Filter>Object</Filter>
    </ClCompile>
    <ClCompile Include="Core\Ref.cpp">
      <Filter>Core</Filter>
    </ClCompile>
    <ClCompile Include="Object\MoveObj.cpp">
      <Filter>Object\MoveObj</Filter>
    </ClCompile>
    <ClCompile Include="Object\StaticObj.cpp">
      <Filter>Object\StaticObj</Filter>
    </ClCompile>
    <ClCompile Include="Object\Player.cpp">
      <Filter>Object\MoveObj\Player</Filter>
    </ClCompile>
    <ClCompile Include="Object\Minion.cpp">
      <Filter>Object\MoveObj\Monster</Filter>
    </ClCompile>
    <ClCompile Include="Object\Bullet.cpp">
      <Filter>Object\MoveObj\Bullet</Filter>
    </ClCompile>
    <ClCompile Include="Core\PathManager.cpp">
      <Filter>Core\Path</Filter>
    </ClCompile>
    <ClCompile Include="Resources\ResourcesManager.cpp">
      <Filter>Resources</Filter>
    </ClCompile>
    <ClCompile Include="Resources\Texture.cpp">
      <Filter>Resources</Filter>
    </ClCompile>
    <ClCompile Include="Object\Stage.cpp">
      <Filter>Object\StaticObj\Stage</Filter>
    </ClCompile>
    <ClCompile Include="Core\Camera.cpp">
      <Filter>Core\Camera</Filter>
    </ClCompile>
    <ClCompile Include="Core\Input.cpp">
      <Filter>Core\Input</Filter>
    </ClCompile>
    <ClCompile Include="Collider\Collider.cpp">
      <Filter>Core\Collider</Filter>
    </ClCompile>
    <ClCompile Include="Collider\ColliderRect.cpp">
      <Filter>Core\Collider</Filter>
    </ClCompile>
    <ClCompile Include="Collider\CollisionManager.cpp">
      <Filter>Core\Collider</Filter>
    </ClCompile>
    <ClCompile Include="Collider\ColliderSphere.cpp">
      <Filter>Core\Collider</Filter>
    </ClCompile>
    <ClCompile Include="Math.cpp">
      <Filter>Core\Math</Filter>
    </ClCompile>
    <ClCompile Include="Collider\ColliderPixel.cpp">
      <Filter>Core\Collider</Filter>
    </ClCompile>
    <ClCompile Include="Animation\Animation.cpp">
      <Filter>Core\Animation</Filter>
    </ClCompile>
    <ClCompile Include="Object\Bomb.cpp">
      <Filter>Object\MoveObj\Bullet</Filter>
    </ClCompile>
  </ItemGroup>
  <ItemGroup>
    <ClInclude Include="Game.h">
      <Filter>헤더 파일</Filter>
    </ClInclude>
    <ClInclude Include="Macro.h">
      <Filter>헤더 파일</Filter>
    </ClInclude>
    <ClInclude Include="resource.h">
      <Filter>헤더 파일</Filter>
    </ClInclude>
    <ClInclude Include="Types.h">
      <Filter>헤더 파일</Filter>
    </ClInclude>
    <ClInclude Include="Flag.h">
      <Filter>헤더 파일</Filter>
    </ClInclude>
    <ClInclude Include="Core\Timer.h">
      <Filter>Core\Timer</Filter>
    </ClInclude>
    <ClInclude Include="Core.h">
      <Filter>Core</Filter>
    </ClInclude>
    <ClInclude Include="Scene\Scene.h">
      <Filter>Scene</Filter>
    </ClInclude>
    <ClInclude Include="Scene\InGameScene.h">
      <Filter>Scene</Filter>
    </ClInclude>
    <ClInclude Include="Scene\Scenemanager.h">
      <Filter>Scene</Filter>
    </ClInclude>
    <ClInclude Include="Scene\Layer.h">
      <Filter>Scene\Layer</Filter>
    </ClInclude>
    <ClInclude Include="Object\Obj.h">
      <Filter>Object</Filter>
    </ClInclude>
    <ClInclude Include="Core\Ref.h">
      <Filter>Core</Filter>
    </ClInclude>
    <ClInclude Include="Object\MoveObj.h">
      <Filter>Object\MoveObj</Filter>
    </ClInclude>
    <ClInclude Include="Object\StaticObj.h">
      <Filter>Object\StaticObj</Filter>
    </ClInclude>
    <ClInclude Include="Object\Player.h">
      <Filter>Object\MoveObj\Player</Filter>
    </ClInclude>
    <ClInclude Include="Object\Minion.h">
      <Filter>Object\MoveObj\Monster</Filter>
    </ClInclude>
    <ClInclude Include="Object\Bullet.h">
      <Filter>Object\MoveObj\Bullet</Filter>
    </ClInclude>
    <ClInclude Include="Core\PathManager.h">
      <Filter>Core\Path</Filter>
    </ClInclude>
    <ClInclude Include="Resources\ResourcesManager.h">
      <Filter>Resources</Filter>
    </ClInclude>
    <ClInclude Include="Resources\Texture.h">
      <Filter>Resources</Filter>
    </ClInclude>
    <ClInclude Include="Object\Stage.h">
      <Filter>Object\StaticObj\Stage</Filter>
    </ClInclude>
    <ClInclude Include="Core\Camera.h">
      <Filter>Core\Camera</Filter>
    </ClInclude>
    <ClInclude Include="Core\Input.h">
      <Filter>Core\Input</Filter>
    </ClInclude>
    <ClInclude Include="Collider\Collider.h">
      <Filter>Core\Collider</Filter>
    </ClInclude>
    <ClInclude Include="Collider\ColliderRect.h">
      <Filter>Core\Collider</Filter>
    </ClInclude>
    <ClInclude Include="Collider\CollisionManager.h">
      <Filter>Core\Collider</Filter>
    </ClInclude>
    <ClInclude Include="Collider\ColliderSphere.h">
      <Filter>Core\Collider</Filter>
    </ClInclude>
    <ClInclude Include="Math.h">
      <Filter>Core\Math</Filter>
    </ClInclude>
    <ClInclude Include="Collider\ColliderPixel.h">
      <Filter>Core\Collider</Filter>
    </ClInclude>
    <ClInclude Include="Animation\Animation.h">
      <Filter>Core\Animation</Filter>
    </ClInclude>
    <ClInclude Include="Object\Bomb.h">
      <Filter>Object\MoveObj\Bullet</Filter>
    </ClInclude>
  </ItemGroup>
  <ItemGroup>
    <ResourceCompile Include="APIFramework.rc">
      <Filter>리소스 파일</Filter>
    </ResourceCompile>
  </ItemGroup>
  <ItemGroup>
    <Image Include="icon1.ico">
      <Filter>리소스 파일</Filter>
    </Image>
  </ItemGroup>
  <ItemGroup>
    <None Include="cpp.hint" />
  </ItemGroup>
</Project>